// !$*UTF8*$!
{
	archiveVersion = 1;
	classes = {
	};
	objectVersion = 77;
	objects = {

/* Begin PBXContainerItemProxy section */
		DBE833E72D8BC442006AA64F /* PBXContainerItemProxy */ = {
			isa = PBXContainerItemProxy;
			containerPortal = DBE833CE2D8BC441006AA64F /* Project object */;
			proxyType = 1;
			remoteGlobalIDString = DBE833D52D8BC441006AA64F;
			remoteInfo = NeonVortex;
		};
		DBE833F12D8BC442006AA64F /* PBXContainerItemProxy */ = {
			isa = PBXContainerItemProxy;
			containerPortal = DBE833CE2D8BC441006AA64F /* Project object */;
			proxyType = 1;
			remoteGlobalIDString = DBE833D52D8BC441006AA64F;
			remoteInfo = NeonVortex;
		};
/* End PBXContainerItemProxy section */

/* Begin PBXFileReference section */
		DBE833D62D8BC441006AA64F /* NeonVortex.app */ = {isa = PBXFileReference; explicitFileType = wrapper.application; includeInIndex = 0; path = NeonVortex.app; sourceTree = BUILT_PRODUCTS_DIR; };
		DBE833E62D8BC442006AA64F /* NeonVortexTests.xctest */ = {isa = PBXFileReference; explicitFileType = wrapper.cfbundle; includeInIndex = 0; path = NeonVortexTests.xctest; sourceTree = BUILT_PRODUCTS_DIR; };
		DBE833F02D8BC442006AA64F /* NeonVortexUITests.xctest */ = {isa = PBXFileReference; explicitFileType = wrapper.cfbundle; includeInIndex = 0; path = NeonVortexUITests.xctest; sourceTree = BUILT_PRODUCTS_DIR; };
/* End PBXFileReference section */

/* Begin PBXFileSystemSynchronizedRootGroup section */
		DBE833D82D8BC441006AA64F /* NeonVortex */ = {
			isa = PBXFileSystemSynchronizedRootGroup;
			path = NeonVortex;
			sourceTree = "<group>";
		};
		DBE833E92D8BC442006AA64F /* NeonVortexTests */ = {
			isa = PBXFileSystemSynchronizedRootGroup;
			path = NeonVortexTests;
			sourceTree = "<group>";
		};
		DBE833F32D8BC442006AA64F /* NeonVortexUITests */ = {
			isa = PBXFileSystemSynchronizedRootGroup;
			path = NeonVortexUITests;
			sourceTree = "<group>";
		};
/* End PBXFileSystemSynchronizedRootGroup section */

/* Begin PBXFrameworksBuildPhase section */
		DBE833D32D8BC441006AA64F /* Frameworks */ = {
			isa = PBXFrameworksBuildPhase;
			buildActionMask = 2147483647;
			files = (
			);
			runOnlyForDeploymentPostprocessing = 0;
		};
		DBE833E32D8BC442006AA64F /* Frameworks */ = {
			isa = PBXFrameworksBuildPhase;
			buildActionMask = 2147483647;
			files = (
			);
			runOnlyForDeploymentPostprocessing = 0;
		};
		DBE833ED2D8BC442006AA64F /* Frameworks */ = {
			isa = PBXFrameworksBuildPhase;
			buildActionMask = 2147483647;
			files = (
			);
			runOnlyForDeploymentPostprocessing = 0;
		};
/* End PBXFrameworksBuildPhase section */

/* Begin PBXGroup section */
		DBE833CD2D8BC441006AA64F = {
			isa = PBXGroup;
			children = (
				DBE833D82D8BC441006AA64F /* NeonVortex */,
				DBE833E92D8BC442006AA64F /* NeonVortexTests */,
				DBE833F32D8BC442006AA64F /* NeonVortexUITests */,
				DBE833D72D8BC441006AA64F /* Products */,
			);
			sourceTree = "<group>";
		};
		DBE833D72D8BC441006AA64F /* Products */ = {
			isa = PBXGroup;
			children = (
				DBE833D62D8BC441006AA64F /* NeonVortex.app */,
				DBE833E62D8BC442006AA64F /* NeonVortexTests.xctest */,
				DBE833F02D8BC442006AA64F /* NeonVortexUITests.xctest */,
			);
			name = Products;
			sourceTree = "<group>";
		};
/* End PBXGroup section */

/* Begin PBXNativeTarget section */
		DBE833D52D8BC441006AA64F /* NeonVortex */ = {
			isa = PBXNativeTarget;
			buildConfigurationList = DBE833FA2D8BC442006AA64F /* Build configuration list for PBXNativeTarget "NeonVortex" */;
			buildPhases = (
				DBE833D22D8BC441006AA64F /* Sources */,
				DBE833D32D8BC441006AA64F /* Frameworks */,
				DBE833D42D8BC441006AA64F /* Resources */,
			);
			buildRules = (
			);
			dependencies = (
			);
			fileSystemSynchronizedGroups = (
				DBE833D82D8BC441006AA64F /* NeonVortex */,
			);
			name = NeonVortex;
			packageProductDependencies = (
			);
			productName = NeonVortex;
			productReference = DBE833D62D8BC441006AA64F /* NeonVortex.app */;
			productType = "com.apple.product-type.application";
		};
		DBE833E52D8BC442006AA64F /* NeonVortexTests */ = {
			isa = PBXNativeTarget;
			buildConfigurationList = DBE833FD2D8BC442006AA64F /* Build configuration list for PBXNativeTarget "NeonVortexTests" */;
			buildPhases = (
				DBE833E22D8BC442006AA64F /* Sources */,
				DBE833E32D8BC442006AA64F /* Frameworks */,
				DBE833E42D8BC442006AA64F /* Resources */,
			);
			buildRules = (
			);
			dependencies = (
				DBE833E82D8BC442006AA64F /* PBXTargetDependency */,
			);
			fileSystemSynchronizedGroups = (
				DBE833E92D8BC442006AA64F /* NeonVortexTests */,
			);
			name = NeonVortexTests;
			packageProductDependencies = (
			);
			productName = NeonVortexTests;
			productReference = DBE833E62D8BC442006AA64F /* NeonVortexTests.xctest */;
			productType = "com.apple.product-type.bundle.unit-test";
		};
		DBE833EF2D8BC442006AA64F /* NeonVortexUITests */ = {
			isa = PBXNativeTarget;
			buildConfigurationList = DBE834002D8BC442006AA64F /* Build configuration list for PBXNativeTarget "NeonVortexUITests" */;
			buildPhases = (
				DBE833EC2D8BC442006AA64F /* Sources */,
				DBE833ED2D8BC442006AA64F /* Frameworks */,
				DBE833EE2D8BC442006AA64F /* Resources */,
			);
			buildRules = (
			);
			dependencies = (
				DBE833F22D8BC442006AA64F /* PBXTargetDependency */,
			);
			fileSystemSynchronizedGroups = (
				DBE833F32D8BC442006AA64F /* NeonVortexUITests */,
			);
			name = NeonVortexUITests;
			packageProductDependencies = (
			);
			productName = NeonVortexUITests;
			productReference = DBE833F02D8BC442006AA64F /* NeonVortexUITests.xctest */;
			productType = "com.apple.product-type.bundle.ui-testing";
		};
/* End PBXNativeTarget section */

/* Begin PBXProject section */
		DBE833CE2D8BC441006AA64F /* Project object */ = {
			isa = PBXProject;
			attributes = {
				BuildIndependentTargetsInParallel = 1;
				LastSwiftUpdateCheck = 1600;
				LastUpgradeCheck = 1600;
				TargetAttributes = {
					DBE833D52D8BC441006AA64F = {
						CreatedOnToolsVersion = 16.0;
					};
					DBE833E52D8BC442006AA64F = {
						CreatedOnToolsVersion = 16.0;
						TestTargetID = DBE833D52D8BC441006AA64F;
					};
					DBE833EF2D8BC442006AA64F = {
						CreatedOnToolsVersion = 16.0;
						TestTargetID = DBE833D52D8BC441006AA64F;
					};
				};
			};
			buildConfigurationList = DBE833D12D8BC441006AA64F /* Build configuration list for PBXProject "NeonVortex" */;
			developmentRegion = en;
			hasScannedForEncodings = 0;
			knownRegions = (
				en,
				Base,
			);
			mainGroup = DBE833CD2D8BC441006AA64F;
			minimizedProjectReferenceProxies = 1;
			preferredProjectObjectVersion = 77;
			productRefGroup = DBE833D72D8BC441006AA64F /* Products */;
			projectDirPath = "";
			projectRoot = "";
			targets = (
				DBE833D52D8BC441006AA64F /* NeonVortex */,
				DBE833E52D8BC442006AA64F /* NeonVortexTests */,
				DBE833EF2D8BC442006AA64F /* NeonVortexUITests */,
			);
		};
/* End PBXProject section */

/* Begin PBXResourcesBuildPhase section */
		DBE833D42D8BC441006AA64F /* Resources */ = {
			isa = PBXResourcesBuildPhase;
			buildActionMask = 2147483647;
			files = (
			);
			runOnlyForDeploymentPostprocessing = 0;
		};
		DBE833E42D8BC442006AA64F /* Resources */ = {
			isa = PBXResourcesBuildPhase;
			buildActionMask = 2147483647;
			files = (
			);
			runOnlyForDeploymentPostprocessing = 0;
		};
		DBE833EE2D8BC442006AA64F /* Resources */ = {
			isa = PBXResourcesBuildPhase;
			buildActionMask = 2147483647;
			files = (
			);
			runOnlyForDeploymentPostprocessing = 0;
		};
/* End PBXResourcesBuildPhase section */

/* Begin PBXSourcesBuildPhase section */
		DBE833D22D8BC441006AA64F /* Sources */ = {
			isa = PBXSourcesBuildPhase;
			buildActionMask = 2147483647;
			files = (
			);
			runOnlyForDeploymentPostprocessing = 0;
		};
		DBE833E22D8BC442006AA64F /* Sources */ = {
			isa = PBXSourcesBuildPhase;
			buildActionMask = 2147483647;
			files = (
			);
			runOnlyForDeploymentPostprocessing = 0;
		};
		DBE833EC2D8BC442006AA64F /* Sources */ = {
			isa = PBXSourcesBuildPhase;
			buildActionMask = 2147483647;
			files = (
			);
			runOnlyForDeploymentPostprocessing = 0;
		};
/* End PBXSourcesBuildPhase section */

/* Begin PBXTargetDependency section */
		DBE833E82D8BC442006AA64F /* PBXTargetDependency */ = {
			isa = PBXTargetDependency;
			target = DBE833D52D8BC441006AA64F /* NeonVortex */;
			targetProxy = DBE833E72D8BC442006AA64F /* PBXContainerItemProxy */;
		};
		DBE833F22D8BC442006AA64F /* PBXTargetDependency */ = {
			isa = PBXTargetDependency;
			target = DBE833D52D8BC441006AA64F /* NeonVortex */;
			targetProxy = DBE833F12D8BC442006AA64F /* PBXContainerItemProxy */;
		};
/* End PBXTargetDependency section */

/* Begin XCBuildConfiguration section */
		DBE833F82D8BC442006AA64F /* Debug */ = {
			isa = XCBuildConfiguration;
			buildSettings = {
				ALWAYS_SEARCH_USER_PATHS = NO;
				ASSETCATALOG_COMPILER_GENERATE_SWIFT_ASSET_SYMBOL_EXTENSIONS = YES;
				CLANG_ANALYZER_NONNULL = YES;
				CLANG_ANALYZER_NUMBER_OBJECT_CONVERSION = YES_AGGRESSIVE;
				CLANG_CXX_LANGUAGE_STANDARD = "gnu++20";
				CLANG_ENABLE_MODULES = YES;
				CLANG_ENABLE_OBJC_ARC = YES;
				CLANG_ENABLE_OBJC_WEAK = YES;
				CLANG_WARN_BLOCK_CAPTURE_AUTORELEASING = YES;
				CLANG_WARN_BOOL_CONVERSION = YES;
				CLANG_WARN_COMMA = YES;
				CLANG_WARN_CONSTANT_CONVERSION = YES;
				CLANG_WARN_DEPRECATED_OBJC_IMPLEMENTATIONS = YES;
				CLANG_WARN_DIRECT_OBJC_ISA_USAGE = YES_ERROR;
				CLANG_WARN_DOCUMENTATION_COMMENTS = YES;
				CLANG_WARN_EMPTY_BODY = YES;
				CLANG_WARN_ENUM_CONVERSION = YES;
				CLANG_WARN_INFINITE_RECURSION = YES;
				CLANG_WARN_INT_CONVERSION = YES;
				CLANG_WARN_NON_LITERAL_NULL_CONVERSION = YES;
				CLANG_WARN_OBJC_IMPLICIT_RETAIN_SELF = YES;
				CLANG_WARN_OBJC_LITERAL_CONVERSION = YES;
				CLANG_WARN_OBJC_ROOT_CLASS = YES_ERROR;
				CLANG_WARN_QUOTED_INCLUDE_IN_FRAMEWORK_HEADER = YES;
				CLANG_WARN_RANGE_LOOP_ANALYSIS = YES;
				CLANG_WARN_STRICT_PROTOTYPES = YES;
				CLANG_WARN_SUSPICIOUS_MOVE = YES;
				CLANG_WARN_UNGUARDED_AVAILABILITY = YES_AGGRESSIVE;
				CLANG_WARN_UNREACHABLE_CODE = YES;
				CLANG_WARN__DUPLICATE_METHOD_MATCH = YES;
				COPY_PHASE_STRIP = NO;
				DEBUG_INFORMATION_FORMAT = dwarf;
				ENABLE_STRICT_OBJC_MSGSEND = YES;
				ENABLE_TESTABILITY = YES;
				ENABLE_USER_SCRIPT_SANDBOXING = YES;
				GCC_C_LANGUAGE_STANDARD = gnu17;
				GCC_DYNAMIC_NO_PIC = NO;
				GCC_NO_COMMON_BLOCKS = YES;
				GCC_OPTIMIZATION_LEVEL = 0;
				GCC_PREPROCESSOR_DEFINITIONS = (
					"DEBUG=1",
					"$(inherited)",
				);
				GCC_WARN_64_TO_32_BIT_CONVERSION = YES;
				GCC_WARN_ABOUT_RETURN_TYPE = YES_ERROR;
				GCC_WARN_UNDECLARED_SELECTOR = YES;
				GCC_WARN_UNINITIALIZED_AUTOS = YES_AGGRESSIVE;
				GCC_WARN_UNUSED_FUNCTION = YES;
				GCC_WARN_UNUSED_VARIABLE = YES;
				IPHONEOS_DEPLOYMENT_TARGET = 18.0;
				LOCALIZATION_PREFERS_STRING_CATALOGS = YES;
				MTL_ENABLE_DEBUG_INFO = INCLUDE_SOURCE;
				MTL_FAST_MATH = YES;
				ONLY_ACTIVE_ARCH = YES;
				SDKROOT = iphoneos;
				SWIFT_ACTIVE_COMPILATION_CONDITIONS = "DEBUG $(inherited)";
				SWIFT_OPTIMIZATION_LEVEL = "-Onone";
			};
			name = Debug;
		};
		DBE833F92D8BC442006AA64F /* Release */ = {
			isa = XCBuildConfiguration;
			buildSettings = {
				ALWAYS_SEARCH_USER_PATHS = NO;
				ASSETCATALOG_COMPILER_GENERATE_SWIFT_ASSET_SYMBOL_EXTENSIONS = YES;
				CLANG_ANALYZER_NONNULL = YES;
				CLANG_ANALYZER_NUMBER_OBJECT_CONVERSION = YES_AGGRESSIVE;
				CLANG_CXX_LANGUAGE_STANDARD = "gnu++20";
				CLANG_ENABLE_MODULES = YES;
				CLANG_ENABLE_OBJC_ARC = YES;
				CLANG_ENABLE_OBJC_WEAK = YES;
				CLANG_WARN_BLOCK_CAPTURE_AUTORELEASING = YES;
				CLANG_WARN_BOOL_CONVERSION = YES;
				CLANG_WARN_COMMA = YES;
				CLANG_WARN_CONSTANT_CONVERSION = YES;
				CLANG_WARN_DEPRECATED_OBJC_IMPLEMENTATIONS = YES;
				CLANG_WARN_DIRECT_OBJC_ISA_USAGE = YES_ERROR;
				CLANG_WARN_DOCUMENTATION_COMMENTS = YES;
				CLANG_WARN_EMPTY_BODY = YES;
				CLANG_WARN_ENUM_CONVERSION = YES;
				CLANG_WARN_INFINITE_RECURSION = YES;
				CLANG_WARN_INT_CONVERSION = YES;
				CLANG_WARN_NON_LITERAL_NULL_CONVERSION = YES;
				CLANG_WARN_OBJC_IMPLICIT_RETAIN_SELF = YES;
				CLANG_WARN_OBJC_LITERAL_CONVERSION = YES;
				CLANG_WARN_OBJC_ROOT_CLASS = YES_ERROR;
				CLANG_WARN_QUOTED_INCLUDE_IN_FRAMEWORK_HEADER = YES;
				CLANG_WARN_RANGE_LOOP_ANALYSIS = YES;
				CLANG_WARN_STRICT_PROTOTYPES = YES;
				CLANG_WARN_SUSPICIOUS_MOVE = YES;
				CLANG_WARN_UNGUARDED_AVAILABILITY = YES_AGGRESSIVE;
				CLANG_WARN_UNREACHABLE_CODE = YES;
				CLANG_WARN__DUPLICATE_METHOD_MATCH = YES;
				COPY_PHASE_STRIP = NO;
				DEBUG_INFORMATION_FORMAT = "dwarf-with-dsym";
				ENABLE_NS_ASSERTIONS = NO;
				ENABLE_STRICT_OBJC_MSGSEND = YES;
				ENABLE_USER_SCRIPT_SANDBOXING = YES;
				GCC_C_LANGUAGE_STANDARD = gnu17;
				GCC_NO_COMMON_BLOCKS = YES;
				GCC_WARN_64_TO_32_BIT_CONVERSION = YES;
				GCC_WARN_ABOUT_RETURN_TYPE = YES_ERROR;
				GCC_WARN_UNDECLARED_SELECTOR = YES;
				GCC_WARN_UNINITIALIZED_AUTOS = YES_AGGRESSIVE;
				GCC_WARN_UNUSED_FUNCTION = YES;
				GCC_WARN_UNUSED_VARIABLE = YES;
				IPHONEOS_DEPLOYMENT_TARGET = 18.0;
				LOCALIZATION_PREFERS_STRING_CATALOGS = YES;
				MTL_ENABLE_DEBUG_INFO = NO;
				MTL_FAST_MATH = YES;
				SDKROOT = iphoneos;
				SWIFT_COMPILATION_MODE = wholemodule;
				VALIDATE_PRODUCT = YES;
			};
			name = Release;
		};
		DBE833FB2D8BC442006AA64F /* Debug */ = {
			isa = XCBuildConfiguration;
			buildSettings = {
				ASSETCATALOG_COMPILER_APPICON_NAME = AppIcon;
				ASSETCATALOG_COMPILER_GLOBAL_ACCENT_COLOR_NAME = AccentColor;
				CODE_SIGN_STYLE = Automatic;
				CURRENT_PROJECT_VERSION = 1;
				DEVELOPMENT_ASSET_PATHS = "\"NeonVortex/Preview Content\"";
				DEVELOPMENT_TEAM = LHG395YCPD;
				ENABLE_PREVIEWS = YES;
				GENERATE_INFOPLIST_FILE = YES;
				INFOPLIST_KEY_UIApplicationSceneManifest_Generation = YES;
				INFOPLIST_KEY_UIApplicationSupportsIndirectInputEvents = YES;
				INFOPLIST_KEY_UILaunchScreen_Generation = YES;
				INFOPLIST_KEY_UISupportedInterfaceOrientations_iPad = "UIInterfaceOrientationPortrait UIInterfaceOrientationPortraitUpsideDown UIInterfaceOrientationLandscapeLeft UIInterfaceOrientationLandscapeRight";
				INFOPLIST_KEY_UISupportedInterfaceOrientations_iPhone = "UIInterfaceOrientationPortrait UIInterfaceOrientationLandscapeLeft UIInterfaceOrientationLandscapeRight";
				LD_RUNPATH_SEARCH_PATHS = (
					"$(inherited)",
					"@executable_path/Frameworks",
				);
				MARKETING_VERSION = 1.0;
				PRODUCT_BUNDLE_IDENTIFIER = pdeepanshu.com.NeonVortex;
				PRODUCT_NAME = "$(TARGET_NAME)";
				SWIFT_EMIT_LOC_STRINGS = YES;
				SWIFT_VERSION = 5.0;
				TARGETED_DEVICE_FAMILY = "1,2";
			};
			name = Debug;
		};
		DBE833FC2D8BC442006AA64F /* Release */ = {
			isa = XCBuildConfiguration;
			buildSettings = {
				ASSETCATALOG_COMPILER_APPICON_NAME = AppIcon;
				ASSETCATALOG_COMPILER_GLOBAL_ACCENT_COLOR_NAME = AccentColor;
				CODE_SIGN_STYLE = Automatic;
				CURRENT_PROJECT_VERSION = 1;
				DEVELOPMENT_ASSET_PATHS = "\"NeonVortex/Preview Content\"";
				DEVELOPMENT_TEAM = LHG395YCPD;
				ENABLE_PREVIEWS = YES;
				GENERATE_INFOPLIST_FILE = YES;
				INFOPLIST_KEY_UIApplicationSceneManifest_Generation = YES;
				INFOPLIST_KEY_UIApplicationSupportsIndirectInputEvents = YES;
				INFOPLIST_KEY_UILaunchScreen_Generation = YES;
				INFOPLIST_KEY_UISupportedInterfaceOrientations_iPad = "UIInterfaceOrientationPortrait UIInterfaceOrientationPortraitUpsideDown UIInterfaceOrientationLandscapeLeft UIInterfaceOrientationLandscapeRight";
				INFOPLIST_KEY_UISupportedInterfaceOrientations_iPhone = "UIInterfaceOrientationPortrait UIInterfaceOrientationLandscapeLeft UIInterfaceOrientationLandscapeRight";
				LD_RUNPATH_SEARCH_PATHS = (
					"$(inherited)",
					"@executable_path/Frameworks",
				);
				MARKETING_VERSION = 1.0;
				PRODUCT_BUNDLE_IDENTIFIER = pdeepanshu.com.NeonVortex;
				PRODUCT_NAME = "$(TARGET_NAME)";
				SWIFT_EMIT_LOC_STRINGS = YES;
				SWIFT_VERSION = 5.0;
				TARGETED_DEVICE_FAMILY = "1,2";
			};
			name = Release;
		};
		DBE833FE2D8BC442006AA64F /* Debug */ = {
			isa = XCBuildConfiguration;
			buildSettings = {
				BUNDLE_LOADER = "$(TEST_HOST)";
				CODE_SIGN_STYLE = Automatic;
				CURRENT_PROJECT_VERSION = 1;
				DEVELOPMENT_TEAM = LHG395YCPD;
				GENERATE_INFOPLIST_FILE = YES;
				IPHONEOS_DEPLOYMENT_TARGET = 18.0;
				MARKETING_VERSION = 1.0;
				PRODUCT_BUNDLE_IDENTIFIER = pdeepanshu.com.NeonVortexTests;
				PRODUCT_NAME = "$(TARGET_NAME)";
				SWIFT_EMIT_LOC_STRINGS = NO;
				SWIFT_VERSION = 5.0;
				TARGETED_DEVICE_FAMILY = "1,2";
				TEST_HOST = "$(BUILT_PRODUCTS_DIR)/NeonVortex.app/$(BUNDLE_EXECUTABLE_FOLDER_PATH)/NeonVortex";
			};
			name = Debug;
		};
		DBE833FF2D8BC442006AA64F /* Release */ = {
			isa = XCBuildConfiguration;
			buildSettings = {
				BUNDLE_LOADER = "$(TEST_HOST)";
				CODE_SIGN_STYLE = Automatic;
				CURRENT_PROJECT_VERSION = 1;
				DEVELOPMENT_TEAM = LHG395YCPD;
				GENERATE_INFOPLIST_FILE = YES;
				IPHONEOS_DEPLOYMENT_TARGET = 18.0;
				MARKETING_VERSION = 1.0;
				PRODUCT_BUNDLE_IDENTIFIER = pdeepanshu.com.NeonVortexTests;
				PRODUCT_NAME = "$(TARGET_NAME)";
				SWIFT_EMIT_LOC_STRINGS = NO;
				SWIFT_VERSION = 5.0;
				TARGETED_DEVICE_FAMILY = "1,2";
				TEST_HOST = "$(BUILT_PRODUCTS_DIR)/NeonVortex.app/$(BUNDLE_EXECUTABLE_FOLDER_PATH)/NeonVortex";
			};
			name = Release;
		};
		DBE834012D8BC442006AA64F /* Debug */ = {
			isa = XCBuildConfiguration;
			buildSettings = {
				CODE_SIGN_STYLE = Automatic;
				CURRENT_PROJECT_VERSION = 1;
				DEVELOPMENT_TEAM = LHG395YCPD;
				GENERATE_INFOPLIST_FILE = YES;
				MARKETING_VERSION = 1.0;
				PRODUCT_BUNDLE_IDENTIFIER = pdeepanshu.com.NeonVortexUITests;
				PRODUCT_NAME = "$(TARGET_NAME)";
				SWIFT_EMIT_LOC_STRINGS = NO;
				SWIFT_VERSION = 5.0;
				TARGETED_DEVICE_FAMILY = "1,2";
				TEST_TARGET_NAME = NeonVortex;
			};
			name = Debug;
		};
		DBE834022D8BC442006AA64F /* Release */ = {
			isa = XCBuildConfiguration;
			buildSettings = {
				CODE_SIGN_STYLE = Automatic;
				CURRENT_PROJECT_VERSION = 1;
				DEVELOPMENT_TEAM = LHG395YCPD;
				GENERATE_INFOPLIST_FILE = YES;
				MARKETING_VERSION = 1.0;
				PRODUCT_BUNDLE_IDENTIFIER = pdeepanshu.com.NeonVortexUITests;
				PRODUCT_NAME = "$(TARGET_NAME)";
				SWIFT_EMIT_LOC_STRINGS = NO;
				SWIFT_VERSION = 5.0;
				TARGETED_DEVICE_FAMILY = "1,2";
				TEST_TARGET_NAME = NeonVortex;
			};
			name = Release;
		};
/* End XCBuildConfiguration section */

/* Begin XCConfigurationList section */
		DBE833D12D8BC441006AA64F /* Build configuration list for PBXProject "NeonVortex" */ = {
			isa = XCConfigurationList;
			buildConfigurations = (
				DBE833F82D8BC442006AA64F /* Debug */,
				DBE833F92D8BC442006AA64F /* Release */,
			);
			defaultConfigurationIsVisible = 0;
			defaultConfigurationName = Release;
		};
		DBE833FA2D8BC442006AA64F /* Build configuration list for PBXNativeTarget "NeonVortex" */ = {
			isa = XCConfigurationList;
			buildConfigurations = (
				DBE833FB2D8BC442006AA64F /* Debug */,
				DBE833FC2D8BC442006AA64F /* Release */,
			);
			defaultConfigurationIsVisible = 0;
			defaultConfigurationName = Release;
		};
		DBE833FD2D8BC442006AA64F /* Build configuration list for PBXNativeTarget "NeonVortexTests" */ = {
			isa = XCConfigurationList;
			buildConfigurations = (
				DBE833FE2D8BC442006AA64F /* Debug */,
				DBE833FF2D8BC442006AA64F /* Release */,
			);
			defaultConfigurationIsVisible = 0;
			defaultConfigurationName = Release;
		};
		DBE834002D8BC442006AA64F /* Build configuration list for PBXNativeTarget "NeonVortexUITests" */ = {
			isa = XCConfigurationList;
			buildConfigurations = (
				DBE834012D8BC442006AA64F /* Debug */,
				DBE834022D8BC442006AA64F /* Release */,
			);
			defaultConfigurationIsVisible = 0;
			defaultConfigurationName = Release;
		};
/* End XCConfigurationList section */
	};
	rootObject = DBE833CE2D8BC441006AA64F /* Project object */;
}
